
Microsoft Visual Studio Solution File, Format Version 12.00
# Visual Studio 15
VisualStudioVersion = 15.0.28010.2048
MinimumVisualStudioVersion = 10.0.40219.1
Project("{FAE04EC0-301F-11D3-BF4B-00C04F79EFBC}") = "BankServiceData", "BankService\BankServiceData.csproj", "{A9BE3D9A-ACB5-4623-8E3A-FD4FFEC12193}"
EndProject
Project("{FAE04EC0-301F-11D3-BF4B-00C04F79EFBC}") = "BankMasterData", "BankMaster\BankMasterData.csproj", "{481838AD-A99D-47C6-9279-ACD6E43E1289}"
EndProject
Project("{FAE04EC0-301F-11D3-BF4B-00C04F79EFBC}") = "UserData", "User\UserData.csproj", "{B3920EC4-25C4-437B-A585-762422BFF783}"
EndProject
Global
	GlobalSection(SolutionConfigurationPlatforms) = preSolution
		Debug|Any CPU = Debug|Any CPU
		Release|Any CPU = Release|Any CPU
	EndGlobalSection
	GlobalSection(ProjectConfigurationPlatforms) = postSolution
		{A9BE3D9A-ACB5-4623-8E3A-FD4FFEC12193}.Debug|Any CPU.ActiveCfg = Debug|Any CPU
		{A9BE3D9A-ACB5-4623-8E3A-FD4FFEC12193}.Debug|Any CPU.Build.0 = Debug|Any CPU
		{A9BE3D9A-ACB5-4623-8E3A-FD4FFEC12193}.Release|Any CPU.ActiveCfg = Release|Any CPU
		{A9BE3D9A-ACB5-4623-8E3A-FD4FFEC12193}.Release|Any CPU.Build.0 = Release|Any CPU
		{481838AD-A99D-47C6-9279-ACD6E43E1289}.Debug|Any CPU.ActiveCfg = Debug|Any CPU
		{481838AD-A99D-47C6-9279-ACD6E43E1289}.Debug|Any CPU.Build.0 = Debug|Any CPU
		{481838AD-A99D-47C6-9279-ACD6E43E1289}.Release|Any CPU.ActiveCfg = Release|Any CPU
		{481838AD-A99D-47C6-9279-ACD6E43E1289}.Release|Any CPU.Build.0 = Release|Any CPU
		{B3920EC4-25C4-437B-A585-762422BFF783}.Debug|Any CPU.ActiveCfg = Debug|Any CPU
		{B3920EC4-25C4-437B-A585-762422BFF783}.Debug|Any CPU.Build.0 = Debug|Any CPU
		{B3920EC4-25C4-437B-A585-762422BFF783}.Release|Any CPU.ActiveCfg = Release|Any CPU
		{B3920EC4-25C4-437B-A585-762422BFF783}.Release|Any CPU.Build.0 = Release|Any CPU
	EndGlobalSection
	GlobalSection(SolutionProperties) = preSolution
		HideSolutionNode = FALSE
	EndGlobalSection
	GlobalSection(ExtensibilityGlobals) = postSolution
		SolutionGuid = {0A1A21F0-4C5A-47A8-B34C-CA5FEBE7D2EE}
	EndGlobalSection
EndGlobal
